{
  "name": "@sanjeevreddy125/medium-common",
  "version": "1.0.1",
  "lockfileVersion": 3,
  "requires": true,
  "packages": {
    "": {
      "name": "@sanjeevreddy125/medium-common",
      "version": "1.0.1",
      "license": "ISC",
      "dependencies": {
        "@sanjeevreddy125/medium-common": "^1.0.1",
        "typescript": "^5.6.3",
        "zod": "^3.23.8"
      }
    },
    "node_modules/@sanjeevreddy125/medium-common": {
      "version": "1.0.1",
      "resolved": "https://registry.npmjs.org/@sanjeevreddy125/medium-common/-/medium-common-1.0.1.tgz",
      "integrity": "sha512-ixfHqpASWLNw2pa578zxUyuYllvwoqu2XPlmKUwLAVKwxsKUi8bz0Scl80dnwYTjGzi9NgESMPiys7PF8XU7Vw==",
      "dependencies": {
        "typescript": "^5.6.3",
        "zod": "^3.23.8"
      }
    },
    "node_modules/typescript": {
      "version": "5.6.3",
      "resolved": "https://registry.npmjs.org/typescript/-/typescript-5.6.3.tgz",
      "integrity": "sha512-hjcS1mhfuyi4WW8IWtjP7brDrG2cuDZukyrYrSauoXGNgx0S7zceP07adYkJycEr56BOUTNPzbInooiN3fn1qw==",
      "bin": {
        "tsc": "bin/tsc",
        "tsserver": "bin/tsserver"
      },
      "engines": {
        "node": ">=14.17"
      }
    },
    "node_modules/zod": {
      "version": "3.23.8",
      "resolved": "https://registry.npmjs.org/zod/-/zod-3.23.8.tgz",
      "integrity": "sha512-XBx9AXhXktjUqnepgTiE5flcKIYWi/rme0Eaj+5Y0lftuGBq+jyRu/md4WnuxqgP1ubdpNCsYEYPxrzVHD8d6g==",
      "funding": {
        "url": "https://github.com/sponsors/colinhacks"
      }
    }
  }
}
